
Microsoft Visual Studio Solution File, Format Version 12.00
# Visual Studio 15
VisualStudioVersion = 15.0.28307.852
MinimumVisualStudioVersion = 10.0.40219.1
Project("{9A19103F-16F7-4668-BE54-9A1E7A4F7556}") = "SobaScript", "SobaScript\SobaScript.csproj", "{3A80B650-B457-4DE4-B2D3-64191A20C6B7}"
EndProject
Project("{9A19103F-16F7-4668-BE54-9A1E7A4F7556}") = "SobaScriptTest", "SobaScriptTest\SobaScriptTest.csproj", "{1C15650D-0969-4857-84EB-21F9515B63D9}"
EndProject
Project("{2150E333-8FDC-42A3-9474-1A3956D46DE8}") = "root", "root", "{7933B475-B565-4C72-B27B-5533AA988678}"
	ProjectSection(SolutionItems) = preProject
		3rd-party = 3rd-party
		License.txt = License.txt
		Readme.md = Readme.md
	EndProjectSection
EndProject
Project("{9A19103F-16F7-4668-BE54-9A1E7A4F7556}") = "E-MSBuild", "E-MSBuild\E-MSBuild\E-MSBuild.csproj", "{4F41C792-E070-42B5-9BE5-8B496D21F123}"
EndProject
Project("{9A19103F-16F7-4668-BE54-9A1E7A4F7556}") = "E-MSBuildTest", "E-MSBuild\E-MSBuildTest\E-MSBuildTest.csproj", "{555219FA-4ED7-4FBD-B416-E0AE0AA81F1D}"
EndProject
Project("{9A19103F-16F7-4668-BE54-9A1E7A4F7556}") = "Varhead", "E-MSBuild\Varhead\Varhead\Varhead.csproj", "{D6F8B3AE-22FA-4C09-9EBA-A254DEFA968F}"
EndProject
Project("{9A19103F-16F7-4668-BE54-9A1E7A4F7556}") = "LSender", "E-MSBuild\Varhead\LSender\LSender\LSender.csproj", "{09974DE1-98BF-4D9B-81EF-8F41E86861B8}"
EndProject
Global
	GlobalSection(SolutionConfigurationPlatforms) = preSolution
		DBG_SDK10|Any CPU = DBG_SDK10|Any CPU
		DBG_SDK15|Any CPU = DBG_SDK15|Any CPU
		DCI_SDK10|Any CPU = DCI_SDK10|Any CPU
		DCI_SDK15|Any CPU = DCI_SDK15|Any CPU
		RCI_SDK10|Any CPU = RCI_SDK10|Any CPU
		RCI_SDK15|Any CPU = RCI_SDK15|Any CPU
		REL_SDK10|Any CPU = REL_SDK10|Any CPU
		REL_SDK15|Any CPU = REL_SDK15|Any CPU
	EndGlobalSection
	GlobalSection(ProjectConfigurationPlatforms) = postSolution
		{3A80B650-B457-4DE4-B2D3-64191A20C6B7}.DBG_SDK10|Any CPU.ActiveCfg = DBG_SDK10|Any CPU
		{3A80B650-B457-4DE4-B2D3-64191A20C6B7}.DBG_SDK10|Any CPU.Build.0 = DBG_SDK10|Any CPU
		{3A80B650-B457-4DE4-B2D3-64191A20C6B7}.DBG_SDK15|Any CPU.ActiveCfg = DBG_SDK15|Any CPU
		{3A80B650-B457-4DE4-B2D3-64191A20C6B7}.DBG_SDK15|Any CPU.Build.0 = DBG_SDK15|Any CPU
		{3A80B650-B457-4DE4-B2D3-64191A20C6B7}.DCI_SDK10|Any CPU.ActiveCfg = DCI_SDK10|Any CPU
		{3A80B650-B457-4DE4-B2D3-64191A20C6B7}.DCI_SDK10|Any CPU.Build.0 = DCI_SDK10|Any CPU
		{3A80B650-B457-4DE4-B2D3-64191A20C6B7}.DCI_SDK15|Any CPU.ActiveCfg = DCI_SDK15|Any CPU
		{3A80B650-B457-4DE4-B2D3-64191A20C6B7}.DCI_SDK15|Any CPU.Build.0 = DCI_SDK15|Any CPU
		{3A80B650-B457-4DE4-B2D3-64191A20C6B7}.RCI_SDK10|Any CPU.ActiveCfg = RCI_SDK10|Any CPU
		{3A80B650-B457-4DE4-B2D3-64191A20C6B7}.RCI_SDK10|Any CPU.Build.0 = RCI_SDK10|Any CPU
		{3A80B650-B457-4DE4-B2D3-64191A20C6B7}.RCI_SDK15|Any CPU.ActiveCfg = RCI_SDK15|Any CPU
		{3A80B650-B457-4DE4-B2D3-64191A20C6B7}.RCI_SDK15|Any CPU.Build.0 = RCI_SDK15|Any CPU
		{3A80B650-B457-4DE4-B2D3-64191A20C6B7}.REL_SDK10|Any CPU.ActiveCfg = REL_SDK10|Any CPU
		{3A80B650-B457-4DE4-B2D3-64191A20C6B7}.REL_SDK10|Any CPU.Build.0 = REL_SDK10|Any CPU
		{3A80B650-B457-4DE4-B2D3-64191A20C6B7}.REL_SDK15|Any CPU.ActiveCfg = REL_SDK15|Any CPU
		{3A80B650-B457-4DE4-B2D3-64191A20C6B7}.REL_SDK15|Any CPU.Build.0 = REL_SDK15|Any CPU
		{1C15650D-0969-4857-84EB-21F9515B63D9}.DBG_SDK10|Any CPU.ActiveCfg = DBG_SDK10|Any CPU
		{1C15650D-0969-4857-84EB-21F9515B63D9}.DBG_SDK10|Any CPU.Build.0 = DBG_SDK10|Any CPU
		{1C15650D-0969-4857-84EB-21F9515B63D9}.DBG_SDK15|Any CPU.ActiveCfg = DBG_SDK15|Any CPU
		{1C15650D-0969-4857-84EB-21F9515B63D9}.DBG_SDK15|Any CPU.Build.0 = DBG_SDK15|Any CPU
		{1C15650D-0969-4857-84EB-21F9515B63D9}.DCI_SDK10|Any CPU.ActiveCfg = DCI_SDK10|Any CPU
		{1C15650D-0969-4857-84EB-21F9515B63D9}.DCI_SDK10|Any CPU.Build.0 = DCI_SDK10|Any CPU
		{1C15650D-0969-4857-84EB-21F9515B63D9}.DCI_SDK15|Any CPU.ActiveCfg = DCI_SDK15|Any CPU
		{1C15650D-0969-4857-84EB-21F9515B63D9}.DCI_SDK15|Any CPU.Build.0 = DCI_SDK15|Any CPU
		{1C15650D-0969-4857-84EB-21F9515B63D9}.RCI_SDK10|Any CPU.ActiveCfg = RCI_SDK10|Any CPU
		{1C15650D-0969-4857-84EB-21F9515B63D9}.RCI_SDK10|Any CPU.Build.0 = RCI_SDK10|Any CPU
		{1C15650D-0969-4857-84EB-21F9515B63D9}.RCI_SDK15|Any CPU.ActiveCfg = RCI_SDK15|Any CPU
		{1C15650D-0969-4857-84EB-21F9515B63D9}.RCI_SDK15|Any CPU.Build.0 = RCI_SDK15|Any CPU
		{1C15650D-0969-4857-84EB-21F9515B63D9}.REL_SDK10|Any CPU.ActiveCfg = REL_SDK10|Any CPU
		{1C15650D-0969-4857-84EB-21F9515B63D9}.REL_SDK10|Any CPU.Build.0 = REL_SDK10|Any CPU
		{1C15650D-0969-4857-84EB-21F9515B63D9}.REL_SDK15|Any CPU.ActiveCfg = REL_SDK15|Any CPU
		{1C15650D-0969-4857-84EB-21F9515B63D9}.REL_SDK15|Any CPU.Build.0 = REL_SDK15|Any CPU
		{4F41C792-E070-42B5-9BE5-8B496D21F123}.DBG_SDK10|Any CPU.ActiveCfg = DBG_SDK10|Any CPU
		{4F41C792-E070-42B5-9BE5-8B496D21F123}.DBG_SDK10|Any CPU.Build.0 = DBG_SDK10|Any CPU
		{4F41C792-E070-42B5-9BE5-8B496D21F123}.DBG_SDK15|Any CPU.ActiveCfg = DBG_SDK15|Any CPU
		{4F41C792-E070-42B5-9BE5-8B496D21F123}.DBG_SDK15|Any CPU.Build.0 = DBG_SDK15|Any CPU
		{4F41C792-E070-42B5-9BE5-8B496D21F123}.DCI_SDK10|Any CPU.ActiveCfg = DCI_SDK10|Any CPU
		{4F41C792-E070-42B5-9BE5-8B496D21F123}.DCI_SDK10|Any CPU.Build.0 = DCI_SDK10|Any CPU
		{4F41C792-E070-42B5-9BE5-8B496D21F123}.DCI_SDK15|Any CPU.ActiveCfg = DCI_SDK15|Any CPU
		{4F41C792-E070-42B5-9BE5-8B496D21F123}.DCI_SDK15|Any CPU.Build.0 = DCI_SDK15|Any CPU
		{4F41C792-E070-42B5-9BE5-8B496D21F123}.RCI_SDK10|Any CPU.ActiveCfg = RCI_SDK10|Any CPU
		{4F41C792-E070-42B5-9BE5-8B496D21F123}.RCI_SDK10|Any CPU.Build.0 = RCI_SDK10|Any CPU
		{4F41C792-E070-42B5-9BE5-8B496D21F123}.RCI_SDK15|Any CPU.ActiveCfg = RCI_SDK15|Any CPU
		{4F41C792-E070-42B5-9BE5-8B496D21F123}.RCI_SDK15|Any CPU.Build.0 = RCI_SDK15|Any CPU
		{4F41C792-E070-42B5-9BE5-8B496D21F123}.REL_SDK10|Any CPU.ActiveCfg = REL_SDK10|Any CPU
		{4F41C792-E070-42B5-9BE5-8B496D21F123}.REL_SDK10|Any CPU.Build.0 = REL_SDK10|Any CPU
		{4F41C792-E070-42B5-9BE5-8B496D21F123}.REL_SDK15|Any CPU.ActiveCfg = REL_SDK15|Any CPU
		{4F41C792-E070-42B5-9BE5-8B496D21F123}.REL_SDK15|Any CPU.Build.0 = REL_SDK15|Any CPU
		{555219FA-4ED7-4FBD-B416-E0AE0AA81F1D}.DBG_SDK10|Any CPU.ActiveCfg = DBG_SDK10|Any CPU
		{555219FA-4ED7-4FBD-B416-E0AE0AA81F1D}.DBG_SDK10|Any CPU.Build.0 = DBG_SDK10|Any CPU
		{555219FA-4ED7-4FBD-B416-E0AE0AA81F1D}.DBG_SDK15|Any CPU.ActiveCfg = DBG_SDK15|Any CPU
		{555219FA-4ED7-4FBD-B416-E0AE0AA81F1D}.DBG_SDK15|Any CPU.Build.0 = DBG_SDK15|Any CPU
		{555219FA-4ED7-4FBD-B416-E0AE0AA81F1D}.DCI_SDK10|Any CPU.ActiveCfg = DCI_SDK10|Any CPU
		{555219FA-4ED7-4FBD-B416-E0AE0AA81F1D}.DCI_SDK10|Any CPU.Build.0 = DCI_SDK10|Any CPU
		{555219FA-4ED7-4FBD-B416-E0AE0AA81F1D}.DCI_SDK15|Any CPU.ActiveCfg = DCI_SDK15|Any CPU
		{555219FA-4ED7-4FBD-B416-E0AE0AA81F1D}.DCI_SDK15|Any CPU.Build.0 = DCI_SDK15|Any CPU
		{555219FA-4ED7-4FBD-B416-E0AE0AA81F1D}.RCI_SDK10|Any CPU.ActiveCfg = RCI_SDK10|Any CPU
		{555219FA-4ED7-4FBD-B416-E0AE0AA81F1D}.RCI_SDK10|Any CPU.Build.0 = RCI_SDK10|Any CPU
		{555219FA-4ED7-4FBD-B416-E0AE0AA81F1D}.RCI_SDK15|Any CPU.ActiveCfg = RCI_SDK15|Any CPU
		{555219FA-4ED7-4FBD-B416-E0AE0AA81F1D}.RCI_SDK15|Any CPU.Build.0 = RCI_SDK15|Any CPU
		{555219FA-4ED7-4FBD-B416-E0AE0AA81F1D}.REL_SDK10|Any CPU.ActiveCfg = REL_SDK10|Any CPU
		{555219FA-4ED7-4FBD-B416-E0AE0AA81F1D}.REL_SDK10|Any CPU.Build.0 = REL_SDK10|Any CPU
		{555219FA-4ED7-4FBD-B416-E0AE0AA81F1D}.REL_SDK15|Any CPU.ActiveCfg = REL_SDK15|Any CPU
		{555219FA-4ED7-4FBD-B416-E0AE0AA81F1D}.REL_SDK15|Any CPU.Build.0 = REL_SDK15|Any CPU
		{D6F8B3AE-22FA-4C09-9EBA-A254DEFA968F}.DBG_SDK10|Any CPU.ActiveCfg = DBG_SDK10|Any CPU
		{D6F8B3AE-22FA-4C09-9EBA-A254DEFA968F}.DBG_SDK10|Any CPU.Build.0 = DBG_SDK10|Any CPU
		{D6F8B3AE-22FA-4C09-9EBA-A254DEFA968F}.DBG_SDK15|Any CPU.ActiveCfg = DBG_SDK15|Any CPU
		{D6F8B3AE-22FA-4C09-9EBA-A254DEFA968F}.DBG_SDK15|Any CPU.Build.0 = DBG_SDK15|Any CPU
		{D6F8B3AE-22FA-4C09-9EBA-A254DEFA968F}.DCI_SDK10|Any CPU.ActiveCfg = DCI_SDK10|Any CPU
		{D6F8B3AE-22FA-4C09-9EBA-A254DEFA968F}.DCI_SDK10|Any CPU.Build.0 = DCI_SDK10|Any CPU
		{D6F8B3AE-22FA-4C09-9EBA-A254DEFA968F}.DCI_SDK15|Any CPU.ActiveCfg = DCI_SDK15|Any CPU
		{D6F8B3AE-22FA-4C09-9EBA-A254DEFA968F}.DCI_SDK15|Any CPU.Build.0 = DCI_SDK15|Any CPU
		{D6F8B3AE-22FA-4C09-9EBA-A254DEFA968F}.RCI_SDK10|Any CPU.ActiveCfg = RCI_SDK10|Any CPU
		{D6F8B3AE-22FA-4C09-9EBA-A254DEFA968F}.RCI_SDK10|Any CPU.Build.0 = RCI_SDK10|Any CPU
		{D6F8B3AE-22FA-4C09-9EBA-A254DEFA968F}.RCI_SDK15|Any CPU.ActiveCfg = RCI_SDK15|Any CPU
		{D6F8B3AE-22FA-4C09-9EBA-A254DEFA968F}.RCI_SDK15|Any CPU.Build.0 = RCI_SDK15|Any CPU
		{D6F8B3AE-22FA-4C09-9EBA-A254DEFA968F}.REL_SDK10|Any CPU.ActiveCfg = REL_SDK10|Any CPU
		{D6F8B3AE-22FA-4C09-9EBA-A254DEFA968F}.REL_SDK10|Any CPU.Build.0 = REL_SDK10|Any CPU
		{D6F8B3AE-22FA-4C09-9EBA-A254DEFA968F}.REL_SDK15|Any CPU.ActiveCfg = REL_SDK15|Any CPU
		{D6F8B3AE-22FA-4C09-9EBA-A254DEFA968F}.REL_SDK15|Any CPU.Build.0 = REL_SDK15|Any CPU
		{09974DE1-98BF-4D9B-81EF-8F41E86861B8}.DBG_SDK10|Any CPU.ActiveCfg = DBG_SDK10|Any CPU
		{09974DE1-98BF-4D9B-81EF-8F41E86861B8}.DBG_SDK10|Any CPU.Build.0 = DBG_SDK10|Any CPU
		{09974DE1-98BF-4D9B-81EF-8F41E86861B8}.DBG_SDK15|Any CPU.ActiveCfg = DBG_SDK15|Any CPU
		{09974DE1-98BF-4D9B-81EF-8F41E86861B8}.DBG_SDK15|Any CPU.Build.0 = DBG_SDK15|Any CPU
		{09974DE1-98BF-4D9B-81EF-8F41E86861B8}.DCI_SDK10|Any CPU.ActiveCfg = DCI_SDK10|Any CPU
		{09974DE1-98BF-4D9B-81EF-8F41E86861B8}.DCI_SDK10|Any CPU.Build.0 = DCI_SDK10|Any CPU
		{09974DE1-98BF-4D9B-81EF-8F41E86861B8}.DCI_SDK15|Any CPU.ActiveCfg = DCI_SDK15|Any CPU
		{09974DE1-98BF-4D9B-81EF-8F41E86861B8}.DCI_SDK15|Any CPU.Build.0 = DCI_SDK15|Any CPU
		{09974DE1-98BF-4D9B-81EF-8F41E86861B8}.RCI_SDK10|Any CPU.ActiveCfg = RCI_SDK10|Any CPU
		{09974DE1-98BF-4D9B-81EF-8F41E86861B8}.RCI_SDK10|Any CPU.Build.0 = RCI_SDK10|Any CPU
		{09974DE1-98BF-4D9B-81EF-8F41E86861B8}.RCI_SDK15|Any CPU.ActiveCfg = RCI_SDK15|Any CPU
		{09974DE1-98BF-4D9B-81EF-8F41E86861B8}.RCI_SDK15|Any CPU.Build.0 = RCI_SDK15|Any CPU
		{09974DE1-98BF-4D9B-81EF-8F41E86861B8}.REL_SDK10|Any CPU.ActiveCfg = REL_SDK10|Any CPU
		{09974DE1-98BF-4D9B-81EF-8F41E86861B8}.REL_SDK10|Any CPU.Build.0 = REL_SDK10|Any CPU
		{09974DE1-98BF-4D9B-81EF-8F41E86861B8}.REL_SDK15|Any CPU.ActiveCfg = REL_SDK15|Any CPU
		{09974DE1-98BF-4D9B-81EF-8F41E86861B8}.REL_SDK15|Any CPU.Build.0 = REL_SDK15|Any CPU
	EndGlobalSection
	GlobalSection(SolutionProperties) = preSolution
		HideSolutionNode = FALSE
	EndGlobalSection
	GlobalSection(ExtensibilityGlobals) = postSolution
		SolutionGuid = {6AB957CD-4591-40A5-B117-A7839E367EC2}
	EndGlobalSection
EndGlobal
